// !$*UTF8*$!
{
	archiveVersion = 1;
	classes = {
	};
	objectVersion = 77;
	objects = {

/* Begin PBXBuildFile section */
		AA00000000000000000000A3 /* EngramCore in Frameworks */ = {isa = PBXBuildFile; productRef = AA00000000000000000000A2 /* EngramCore */; };
		AA00000000000000000000C3 /* MarkdownUI in Frameworks */ = {isa = PBXBuildFile; productRef = AA00000000000000000000C2 /* MarkdownUI */; };
		AA00000000000000000000D3 /* Sparkle in Frameworks */ = {isa = PBXBuildFile; productRef = AA00000000000000000000D2 /* Sparkle */; };
/* End PBXBuildFile section */

/* Begin PBXContainerItemProxy section */
		715FFCFC2FCDE1DD00170493 /* PBXContainerItemProxy */ = {
			isa = PBXContainerItemProxy;
			containerPortal = 715FFCE62FCDE1DB00170493 /* Project object */;
			proxyType = 1;
			remoteGlobalIDString = 715FFCED2FCDE1DB00170493;
			remoteInfo = Engram;
		};
		715FFD062FCDE1DD00170493 /* PBXContainerItemProxy */ = {
			isa = PBXContainerItemProxy;
			containerPortal = 715FFCE62FCDE1DB00170493 /* Project object */;
			proxyType = 1;
			remoteGlobalIDString = 715FFCED2FCDE1DB00170493;
			remoteInfo = Engram;
		};
/* End PBXContainerItemProxy section */

/* Begin PBXFileReference section */
		715FFCEE2FCDE1DB00170493 /* Engram.app */ = {isa = PBXFileReference; explicitFileType = wrapper.application; includeInIndex = 0; path = Engram.app; sourceTree = BUILT_PRODUCTS_DIR; };
		715FFCFB2FCDE1DD00170493 /* EngramTests.xctest */ = {isa = PBXFileReference; explicitFileType = wrapper.cfbundle; includeInIndex = 0; path = EngramTests.xctest; sourceTree = BUILT_PRODUCTS_DIR; };
		715FFD052FCDE1DD00170493 /* EngramUITests.xctest */ = {isa = PBXFileReference; explicitFileType = wrapper.cfbundle; includeInIndex = 0; path = EngramUITests.xctest; sourceTree = BUILT_PRODUCTS_DIR; };
/* End PBXFileReference section */

/* Begin PBXFileSystemSynchronizedRootGroup section */
		715FFCF02FCDE1DB00170493 /* Engram */ = {
			isa = PBXFileSystemSynchronizedRootGroup;
			path = Engram;
			sourceTree = "<group>";
		};
		715FFCFE2FCDE1DD00170493 /* EngramTests */ = {
			isa = PBXFileSystemSynchronizedRootGroup;
			path = EngramTests;
			sourceTree = "<group>";
		};
		715FFD082FCDE1DD00170493 /* EngramUITests */ = {
			isa = PBXFileSystemSynchronizedRootGroup;
			path = EngramUITests;
			sourceTree = "<group>";
		};
/* End PBXFileSystemSynchronizedRootGroup section */

/* Begin PBXFrameworksBuildPhase section */
		715FFCEB2FCDE1DB00170493 /* Frameworks */ = {
			isa = PBXFrameworksBuildPhase;
			buildActionMask = 2147483647;
			files = (
				AA00000000000000000000A3 /* EngramCore in Frameworks */,
				AA00000000000000000000C3 /* MarkdownUI in Frameworks */,
				AA00000000000000000000D3 /* Sparkle in Frameworks */,
			);
			runOnlyForDeploymentPostprocessing = 0;
		};
		715FFCF82FCDE1DD00170493 /* Frameworks */ = {
			isa = PBXFrameworksBuildPhase;
			buildActionMask = 2147483647;
			files = (
			);
			runOnlyForDeploymentPostprocessing = 0;
		};
		715FFD022FCDE1DD00170493 /* Frameworks */ = {
			isa = PBXFrameworksBuildPhase;
			buildActionMask = 2147483647;
			files = (
			);
			runOnlyForDeploymentPostprocessing = 0;
		};
/* End PBXFrameworksBuildPhase section */

/* Begin PBXGroup section */
		715FFCE52FCDE1DB00170493 = {
			isa = PBXGroup;
			children = (
				715FFCF02FCDE1DB00170493 /* Engram */,
				715FFCFE2FCDE1DD00170493 /* EngramTests */,
				715FFD082FCDE1DD00170493 /* EngramUITests */,
				715FFCEF2FCDE1DB00170493 /* Products */,
			);
			sourceTree = "<group>";
		};
		715FFCEF2FCDE1DB00170493 /* Products */ = {
			isa = PBXGroup;
			children = (
				715FFCEE2FCDE1DB00170493 /* Engram.app */,
				715FFCFB2FCDE1DD00170493 /* EngramTests.xctest */,
				715FFD052FCDE1DD00170493 /* EngramUITests.xctest */,
			);
			name = Products;
			sourceTree = "<group>";
		};
/* End PBXGroup section */

/* Begin PBXNativeTarget section */
		715FFCED2FCDE1DB00170493 /* Engram */ = {
			isa = PBXNativeTarget;
			buildConfigurationList = 715FFD0F2FCDE1DD00170493 /* Build configuration list for PBXNativeTarget "Engram" */;
			buildPhases = (
				715FFCEA2FCDE1DB00170493 /* Sources */,
				715FFCEB2FCDE1DB00170493 /* Frameworks */,
				715FFCEC2FCDE1DB00170493 /* Resources */,
				AA00000000000000000000B1 /* Bundle engram CLI */,
			);
			buildRules = (
			);
			dependencies = (
			);
			fileSystemSynchronizedGroups = (
				715FFCF02FCDE1DB00170493 /* Engram */,
			);
			name = Engram;
			packageProductDependencies = (
				AA00000000000000000000A2 /* EngramCore */,
				AA00000000000000000000C2 /* MarkdownUI */,
				AA00000000000000000000D2 /* Sparkle */,
			);
			productName = Engram;
			productReference = 715FFCEE2FCDE1DB00170493 /* Engram.app */;
			productType = "com.apple.product-type.application";
		};
		715FFCFA2FCDE1DD00170493 /* EngramTests */ = {
			isa = PBXNativeTarget;
			buildConfigurationList = 715FFD122FCDE1DD00170493 /* Build configuration list for PBXNativeTarget "EngramTests" */;
			buildPhases = (
				715FFCF72FCDE1DD00170493 /* Sources */,
				715FFCF82FCDE1DD00170493 /* Frameworks */,
				715FFCF92FCDE1DD00170493 /* Resources */,
			);
			buildRules = (
			);
			dependencies = (
				715FFCFD2FCDE1DD00170493 /* PBXTargetDependency */,
			);
			fileSystemSynchronizedGroups = (
				715FFCFE2FCDE1DD00170493 /* EngramTests */,
			);
			name = EngramTests;
			packageProductDependencies = (
			);
			productName = EngramTests;
			productReference = 715FFCFB2FCDE1DD00170493 /* EngramTests.xctest */;
			productType = "com.apple.product-type.bundle.unit-test";
		};
		715FFD042FCDE1DD00170493 /* EngramUITests */ = {
			isa = PBXNativeTarget;
			buildConfigurationList = 715FFD152FCDE1DD00170493 /* Build configuration list for PBXNativeTarget "EngramUITests" */;
			buildPhases = (
				715FFD012FCDE1DD00170493 /* Sources */,
				715FFD022FCDE1DD00170493 /* Frameworks */,
				715FFD032FCDE1DD00170493 /* Resources */,
			);
			buildRules = (
			);
			dependencies = (
				715FFD072FCDE1DD00170493 /* PBXTargetDependency */,
			);
			fileSystemSynchronizedGroups = (
				715FFD082FCDE1DD00170493 /* EngramUITests */,
			);
			name = EngramUITests;
			packageProductDependencies = (
			);
			productName = EngramUITests;
			productReference = 715FFD052FCDE1DD00170493 /* EngramUITests.xctest */;
			productType = "com.apple.product-type.bundle.ui-testing";
		};
/* End PBXNativeTarget section */

/* Begin PBXProject section */
		715FFCE62FCDE1DB00170493 /* Project object */ = {
			isa = PBXProject;
			attributes = {
				BuildIndependentTargetsInParallel = 1;
				LastSwiftUpdateCheck = 2620;
				LastUpgradeCheck = 2620;
				TargetAttributes = {
					715FFCED2FCDE1DB00170493 = {
						CreatedOnToolsVersion = 26.2;
					};
					715FFCFA2FCDE1DD00170493 = {
						CreatedOnToolsVersion = 26.2;
						TestTargetID = 715FFCED2FCDE1DB00170493;
					};
					715FFD042FCDE1DD00170493 = {
						CreatedOnToolsVersion = 26.2;
						TestTargetID = 715FFCED2FCDE1DB00170493;
					};
				};
			};
			buildConfigurationList = 715FFCE92FCDE1DB00170493 /* Build configuration list for PBXProject "Engram" */;
			developmentRegion = en;
			hasScannedForEncodings = 0;
			knownRegions = (
				en,
				Base,
			);
			mainGroup = 715FFCE52FCDE1DB00170493;
			minimizedProjectReferenceProxies = 1;
			packageReferences = (
				AA00000000000000000000A1 /* XCLocalSwiftPackageReference ".." */,
				AA00000000000000000000C1 /* XCRemoteSwiftPackageReference "swift-markdown-ui" */,
				AA00000000000000000000D1 /* XCRemoteSwiftPackageReference "Sparkle" */,
			);
			preferredProjectObjectVersion = 77;
			productRefGroup = 715FFCEF2FCDE1DB00170493 /* Products */;
			projectDirPath = "";
			projectRoot = "";
			targets = (
				715FFCED2FCDE1DB00170493 /* Engram */,
				715FFCFA2FCDE1DD00170493 /* EngramTests */,
				715FFD042FCDE1DD00170493 /* EngramUITests */,
			);
		};
/* End PBXProject section */

/* Begin PBXResourcesBuildPhase section */
		715FFCEC2FCDE1DB00170493 /* Resources */ = {
			isa = PBXResourcesBuildPhase;
			buildActionMask = 2147483647;
			files = (
			);
			runOnlyForDeploymentPostprocessing = 0;
		};
		715FFCF92FCDE1DD00170493 /* Resources */ = {
			isa = PBXResourcesBuildPhase;
			buildActionMask = 2147483647;
			files = (
			);
			runOnlyForDeploymentPostprocessing = 0;
		};
		715FFD032FCDE1DD00170493 /* Resources */ = {
			isa = PBXResourcesBuildPhase;
			buildActionMask = 2147483647;
			files = (
			);
			runOnlyForDeploymentPostprocessing = 0;
		};
/* End PBXResourcesBuildPhase section */

/* Begin PBXShellScriptBuildPhase section */
		AA00000000000000000000B1 /* Bundle engram CLI */ = {
			isa = PBXShellScriptBuildPhase;
			buildActionMask = 2147483647;
			files = (
			);
			inputPaths = (
				"$(SRCROOT)/scripts/bundle-cli.sh",
			);
			name = "Bundle engram CLI";
			outputPaths = (
				"$(CODESIGNING_FOLDER_PATH)/Contents/Helpers/engram",
			);
			runOnlyForDeploymentPostprocessing = 0;
			shellPath = /bin/bash;
			shellScript = "\"$SRCROOT/scripts/bundle-cli.sh\"\n";
		};
/* End PBXShellScriptBuildPhase section */

/* Begin PBXSourcesBuildPhase section */
		715FFCEA2FCDE1DB00170493 /* Sources */ = {
			isa = PBXSourcesBuildPhase;
			buildActionMask = 2147483647;
			files = (
			);
			runOnlyForDeploymentPostprocessing = 0;
		};
		715FFCF72FCDE1DD00170493 /* Sources */ = {
			isa = PBXSourcesBuildPhase;
			buildActionMask = 2147483647;
			files = (
			);
			runOnlyForDeploymentPostprocessing = 0;
		};
		715FFD012FCDE1DD00170493 /* Sources */ = {
			isa = PBXSourcesBuildPhase;
			buildActionMask = 2147483647;
			files = (
			);
			runOnlyForDeploymentPostprocessing = 0;
		};
/* End PBXSourcesBuildPhase section */

/* Begin PBXTargetDependency section */
		715FFCFD2FCDE1DD00170493 /* PBXTargetDependency */ = {
			isa = PBXTargetDependency;
			target = 715FFCED2FCDE1DB00170493 /* Engram */;
			targetProxy = 715FFCFC2FCDE1DD00170493 /* PBXContainerItemProxy */;
		};
		715FFD072FCDE1DD00170493 /* PBXTargetDependency */ = {
			isa = PBXTargetDependency;
			target = 715FFCED2FCDE1DB00170493 /* Engram */;
			targetProxy = 715FFD062FCDE1DD00170493 /* PBXContainerItemProxy */;
		};
/* End PBXTargetDependency section */

/* Begin XCBuildConfiguration section */
		715FFD0D2FCDE1DD00170493 /* Debug */ = {
			isa = XCBuildConfiguration;
			buildSettings = {
				ALWAYS_SEARCH_USER_PATHS = NO;
				ASSETCATALOG_COMPILER_GENERATE_SWIFT_ASSET_SYMBOL_EXTENSIONS = YES;
				CLANG_ANALYZER_NONNULL = YES;
				CLANG_ANALYZER_NUMBER_OBJECT_CONVERSION = YES_AGGRESSIVE;
				CLANG_CXX_LANGUAGE_STANDARD = "gnu++20";
				CLANG_ENABLE_MODULES = YES;
				CLANG_ENABLE_OBJC_ARC = YES;
				CLANG_ENABLE_OBJC_WEAK = YES;
				CLANG_WARN_BLOCK_CAPTURE_AUTORELEASING = YES;
				CLANG_WARN_BOOL_CONVERSION = YES;
				CLANG_WARN_COMMA = YES;
				CLANG_WARN_CONSTANT_CONVERSION = YES;
				CLANG_WARN_DEPRECATED_OBJC_IMPLEMENTATIONS = YES;
				CLANG_WARN_DIRECT_OBJC_ISA_USAGE = YES_ERROR;
				CLANG_WARN_DOCUMENTATION_COMMENTS = YES;
				CLANG_WARN_EMPTY_BODY = YES;
				CLANG_WARN_ENUM_CONVERSION = YES;
				CLANG_WARN_INFINITE_RECURSION = YES;
				CLANG_WARN_INT_CONVERSION = YES;
				CLANG_WARN_NON_LITERAL_NULL_CONVERSION = YES;
				CLANG_WARN_OBJC_IMPLICIT_RETAIN_SELF = YES;
				CLANG_WARN_OBJC_LITERAL_CONVERSION = YES;
				CLANG_WARN_OBJC_ROOT_CLASS = YES_ERROR;
				CLANG_WARN_QUOTED_INCLUDE_IN_FRAMEWORK_HEADER = YES;
				CLANG_WARN_RANGE_LOOP_ANALYSIS = YES;
				CLANG_WARN_STRICT_PROTOTYPES = YES;
				CLANG_WARN_SUSPICIOUS_MOVE = YES;
				CLANG_WARN_UNGUARDED_AVAILABILITY = YES_AGGRESSIVE;
				CLANG_WARN_UNREACHABLE_CODE = YES;
				CLANG_WARN__DUPLICATE_METHOD_MATCH = YES;
				COPY_PHASE_STRIP = NO;
				DEBUG_INFORMATION_FORMAT = dwarf;
				DEVELOPMENT_TEAM = M2RXQJGK5A;
				ENABLE_STRICT_OBJC_MSGSEND = YES;
				ENABLE_TESTABILITY = YES;
				ENABLE_USER_SCRIPT_SANDBOXING = YES;
				GCC_C_LANGUAGE_STANDARD = gnu17;
				GCC_DYNAMIC_NO_PIC = NO;
				GCC_NO_COMMON_BLOCKS = YES;
				GCC_OPTIMIZATION_LEVEL = 0;
				GCC_PREPROCESSOR_DEFINITIONS = (
					"DEBUG=1",
					"$(inherited)",
				);
				GCC_WARN_64_TO_32_BIT_CONVERSION = YES;
				GCC_WARN_ABOUT_RETURN_TYPE = YES_ERROR;
				GCC_WARN_UNDECLARED_SELECTOR = YES;
				GCC_WARN_UNINITIALIZED_AUTOS = YES_AGGRESSIVE;
				GCC_WARN_UNUSED_FUNCTION = YES;
				GCC_WARN_UNUSED_VARIABLE = YES;
				LOCALIZATION_PREFERS_STRING_CATALOGS = YES;
				MACOSX_DEPLOYMENT_TARGET = 14.0;
				MTL_ENABLE_DEBUG_INFO = INCLUDE_SOURCE;
				MTL_FAST_MATH = YES;
				ONLY_ACTIVE_ARCH = YES;
				SDKROOT = macosx;
				SWIFT_ACTIVE_COMPILATION_CONDITIONS = "DEBUG $(inherited)";
				SWIFT_OPTIMIZATION_LEVEL = "-Onone";
			};
			name = Debug;
		};
		715FFD0E2FCDE1DD00170493 /* Release */ = {
			isa = XCBuildConfiguration;
			buildSettings = {
				ALWAYS_SEARCH_USER_PATHS = NO;
				ASSETCATALOG_COMPILER_GENERATE_SWIFT_ASSET_SYMBOL_EXTENSIONS = YES;
				CLANG_ANALYZER_NONNULL = YES;
				CLANG_ANALYZER_NUMBER_OBJECT_CONVERSION = YES_AGGRESSIVE;
				CLANG_CXX_LANGUAGE_STANDARD = "gnu++20";
				CLANG_ENABLE_MODULES = YES;
				CLANG_ENABLE_OBJC_ARC = YES;
				CLANG_ENABLE_OBJC_WEAK = YES;
				CLANG_WARN_BLOCK_CAPTURE_AUTORELEASING = YES;
				CLANG_WARN_BOOL_CONVERSION = YES;
				CLANG_WARN_COMMA = YES;
				CLANG_WARN_CONSTANT_CONVERSION = YES;
				CLANG_WARN_DEPRECATED_OBJC_IMPLEMENTATIONS = YES;
				CLANG_WARN_DIRECT_OBJC_ISA_USAGE = YES_ERROR;
				CLANG_WARN_DOCUMENTATION_COMMENTS = YES;
				CLANG_WARN_EMPTY_BODY = YES;
				CLANG_WARN_ENUM_CONVERSION = YES;
				CLANG_WARN_INFINITE_RECURSION = YES;
				CLANG_WARN_INT_CONVERSION = YES;
				CLANG_WARN_NON_LITERAL_NULL_CONVERSION = YES;
				CLANG_WARN_OBJC_IMPLICIT_RETAIN_SELF = YES;
				CLANG_WARN_OBJC_LITERAL_CONVERSION = YES;
				CLANG_WARN_OBJC_ROOT_CLASS = YES_ERROR;
				CLANG_WARN_QUOTED_INCLUDE_IN_FRAMEWORK_HEADER = YES;
				CLANG_WARN_RANGE_LOOP_ANALYSIS = YES;
				CLANG_WARN_STRICT_PROTOTYPES = YES;
				CLANG_WARN_SUSPICIOUS_MOVE = YES;
				CLANG_WARN_UNGUARDED_AVAILABILITY = YES_AGGRESSIVE;
				CLANG_WARN_UNREACHABLE_CODE = YES;
				CLANG_WARN__DUPLICATE_METHOD_MATCH = YES;
				COPY_PHASE_STRIP = NO;
				DEBUG_INFORMATION_FORMAT = "dwarf-with-dsym";
				DEVELOPMENT_TEAM = M2RXQJGK5A;
				ENABLE_NS_ASSERTIONS = NO;
				ENABLE_STRICT_OBJC_MSGSEND = YES;
				ENABLE_USER_SCRIPT_SANDBOXING = YES;
				GCC_C_LANGUAGE_STANDARD = gnu17;
				GCC_NO_COMMON_BLOCKS = YES;
				GCC_WARN_64_TO_32_BIT_CONVERSION = YES;
				GCC_WARN_ABOUT_RETURN_TYPE = YES_ERROR;
				GCC_WARN_UNDECLARED_SELECTOR = YES;
				GCC_WARN_UNINITIALIZED_AUTOS = YES_AGGRESSIVE;
				GCC_WARN_UNUSED_FUNCTION = YES;
				GCC_WARN_UNUSED_VARIABLE = YES;
				LOCALIZATION_PREFERS_STRING_CATALOGS = YES;
				MACOSX_DEPLOYMENT_TARGET = 14.0;
				MTL_ENABLE_DEBUG_INFO = NO;
				MTL_FAST_MATH = YES;
				SDKROOT = macosx;
				SWIFT_COMPILATION_MODE = wholemodule;
			};
			name = Release;
		};
		715FFD102FCDE1DD00170493 /* Debug */ = {
			isa = XCBuildConfiguration;
			buildSettings = {
				ASSETCATALOG_COMPILER_APPICON_NAME = AppIcon;
				ASSETCATALOG_COMPILER_GLOBAL_ACCENT_COLOR_NAME = AccentColor;
				CODE_SIGN_ENTITLEMENTS = Engram/Engram.entitlements;
				CODE_SIGN_STYLE = Automatic;
				COMBINE_HIDPI_IMAGES = YES;
				CURRENT_PROJECT_VERSION = 3;
				DEVELOPMENT_TEAM = M2RXQJGK5A;
				ENABLE_APP_SANDBOX = NO;
				ENABLE_HARDENED_RUNTIME = YES;
				ENABLE_PREVIEWS = YES;
				ENABLE_USER_SCRIPT_SANDBOXING = NO;
				ENABLE_USER_SELECTED_FILES = readonly;
				GENERATE_INFOPLIST_FILE = YES;
				INFOPLIST_FILE = Info.plist;
				INFOPLIST_KEY_NSHumanReadableCopyright = "";
				LD_RUNPATH_SEARCH_PATHS = (
					"$(inherited)",
					"@executable_path/../Frameworks",
				);
				MARKETING_VERSION = 1.0.2;
				PRODUCT_BUNDLE_IDENTIFIER = org.klevan.Engram;
				PRODUCT_NAME = "$(TARGET_NAME)";
				REGISTER_APP_GROUPS = YES;
				STRING_CATALOG_GENERATE_SYMBOLS = YES;
				SWIFT_APPROACHABLE_CONCURRENCY = YES;
				SWIFT_DEFAULT_ACTOR_ISOLATION = MainActor;
				SWIFT_EMIT_LOC_STRINGS = YES;
				SWIFT_UPCOMING_FEATURE_MEMBER_IMPORT_VISIBILITY = YES;
				SWIFT_VERSION = 5.0;
			};
			name = Debug;
		};
		715FFD112FCDE1DD00170493 /* Release */ = {
			isa = XCBuildConfiguration;
			buildSettings = {
				ASSETCATALOG_COMPILER_APPICON_NAME = AppIcon;
				ASSETCATALOG_COMPILER_GLOBAL_ACCENT_COLOR_NAME = AccentColor;
				CODE_SIGN_ENTITLEMENTS = Engram/Engram.entitlements;
				CODE_SIGN_STYLE = Automatic;
				COMBINE_HIDPI_IMAGES = YES;
				CURRENT_PROJECT_VERSION = 3;
				DEVELOPMENT_TEAM = M2RXQJGK5A;
				ENABLE_APP_SANDBOX = NO;
				ENABLE_HARDENED_RUNTIME = YES;
				ENABLE_PREVIEWS = YES;
				ENABLE_USER_SCRIPT_SANDBOXING = NO;
				ENABLE_USER_SELECTED_FILES = readonly;
				GENERATE_INFOPLIST_FILE = YES;
				INFOPLIST_FILE = Info.plist;
				INFOPLIST_KEY_NSHumanReadableCopyright = "";
				LD_RUNPATH_SEARCH_PATHS = (
					"$(inherited)",
					"@executable_path/../Frameworks",
				);
				MARKETING_VERSION = 1.0.2;
				PRODUCT_BUNDLE_IDENTIFIER = org.klevan.Engram;
				PRODUCT_NAME = "$(TARGET_NAME)";
				REGISTER_APP_GROUPS = YES;
				STRING_CATALOG_GENERATE_SYMBOLS = YES;
				SWIFT_APPROACHABLE_CONCURRENCY = YES;
				SWIFT_DEFAULT_ACTOR_ISOLATION = MainActor;
				SWIFT_EMIT_LOC_STRINGS = YES;
				SWIFT_UPCOMING_FEATURE_MEMBER_IMPORT_VISIBILITY = YES;
				SWIFT_VERSION = 5.0;
			};
			name = Release;
		};
		715FFD132FCDE1DD00170493 /* Debug */ = {
			isa = XCBuildConfiguration;
			buildSettings = {
				BUNDLE_LOADER = "$(TEST_HOST)";
				CODE_SIGN_STYLE = Automatic;
				CURRENT_PROJECT_VERSION = 3;
				DEVELOPMENT_TEAM = M2RXQJGK5A;
				GENERATE_INFOPLIST_FILE = YES;
				MACOSX_DEPLOYMENT_TARGET = 14.0;
				MARKETING_VERSION = 1.0.2;
				PRODUCT_BUNDLE_IDENTIFIER = org.klevan.EngramTests;
				PRODUCT_NAME = "$(TARGET_NAME)";
				STRING_CATALOG_GENERATE_SYMBOLS = NO;
				SWIFT_APPROACHABLE_CONCURRENCY = YES;
				SWIFT_EMIT_LOC_STRINGS = NO;
				SWIFT_UPCOMING_FEATURE_MEMBER_IMPORT_VISIBILITY = YES;
				SWIFT_VERSION = 5.0;
				TEST_HOST = "$(BUILT_PRODUCTS_DIR)/Engram.app/$(BUNDLE_EXECUTABLE_FOLDER_PATH)/Engram";
			};
			name = Debug;
		};
		715FFD142FCDE1DD00170493 /* Release */ = {
			isa = XCBuildConfiguration;
			buildSettings = {
				BUNDLE_LOADER = "$(TEST_HOST)";
				CODE_SIGN_STYLE = Automatic;
				CURRENT_PROJECT_VERSION = 3;
				DEVELOPMENT_TEAM = M2RXQJGK5A;
				GENERATE_INFOPLIST_FILE = YES;
				MACOSX_DEPLOYMENT_TARGET = 14.0;
				MARKETING_VERSION = 1.0.2;
				PRODUCT_BUNDLE_IDENTIFIER = org.klevan.EngramTests;
				PRODUCT_NAME = "$(TARGET_NAME)";
				STRING_CATALOG_GENERATE_SYMBOLS = NO;
				SWIFT_APPROACHABLE_CONCURRENCY = YES;
				SWIFT_EMIT_LOC_STRINGS = NO;
				SWIFT_UPCOMING_FEATURE_MEMBER_IMPORT_VISIBILITY = YES;
				SWIFT_VERSION = 5.0;
				TEST_HOST = "$(BUILT_PRODUCTS_DIR)/Engram.app/$(BUNDLE_EXECUTABLE_FOLDER_PATH)/Engram";
			};
			name = Release;
		};
		715FFD162FCDE1DD00170493 /* Debug */ = {
			isa = XCBuildConfiguration;
			buildSettings = {
				CODE_SIGN_STYLE = Automatic;
				CURRENT_PROJECT_VERSION = 3;
				DEVELOPMENT_TEAM = M2RXQJGK5A;
				GENERATE_INFOPLIST_FILE = YES;
				MARKETING_VERSION = 1.0.2;
				PRODUCT_BUNDLE_IDENTIFIER = org.klevan.EngramUITests;
				PRODUCT_NAME = "$(TARGET_NAME)";
				STRING_CATALOG_GENERATE_SYMBOLS = NO;
				SWIFT_APPROACHABLE_CONCURRENCY = YES;
				SWIFT_EMIT_LOC_STRINGS = NO;
				SWIFT_UPCOMING_FEATURE_MEMBER_IMPORT_VISIBILITY = YES;
				SWIFT_VERSION = 5.0;
				TEST_TARGET_NAME = Engram;
			};
			name = Debug;
		};
		715FFD172FCDE1DD00170493 /* Release */ = {
			isa = XCBuildConfiguration;
			buildSettings = {
				CODE_SIGN_STYLE = Automatic;
				CURRENT_PROJECT_VERSION = 3;
				DEVELOPMENT_TEAM = M2RXQJGK5A;
				GENERATE_INFOPLIST_FILE = YES;
				MARKETING_VERSION = 1.0.2;
				PRODUCT_BUNDLE_IDENTIFIER = org.klevan.EngramUITests;
				PRODUCT_NAME = "$(TARGET_NAME)";
				STRING_CATALOG_GENERATE_SYMBOLS = NO;
				SWIFT_APPROACHABLE_CONCURRENCY = YES;
				SWIFT_EMIT_LOC_STRINGS = NO;
				SWIFT_UPCOMING_FEATURE_MEMBER_IMPORT_VISIBILITY = YES;
				SWIFT_VERSION = 5.0;
				TEST_TARGET_NAME = Engram;
			};
			name = Release;
		};
/* End XCBuildConfiguration section */

/* Begin XCConfigurationList section */
		715FFCE92FCDE1DB00170493 /* Build configuration list for PBXProject "Engram" */ = {
			isa = XCConfigurationList;
			buildConfigurations = (
				715FFD0D2FCDE1DD00170493 /* Debug */,
				715FFD0E2FCDE1DD00170493 /* Release */,
			);
			defaultConfigurationIsVisible = 0;
			defaultConfigurationName = Release;
		};
		715FFD0F2FCDE1DD00170493 /* Build configuration list for PBXNativeTarget "Engram" */ = {
			isa = XCConfigurationList;
			buildConfigurations = (
				715FFD102FCDE1DD00170493 /* Debug */,
				715FFD112FCDE1DD00170493 /* Release */,
			);
			defaultConfigurationIsVisible = 0;
			defaultConfigurationName = Release;
		};
		715FFD122FCDE1DD00170493 /* Build configuration list for PBXNativeTarget "EngramTests" */ = {
			isa = XCConfigurationList;
			buildConfigurations = (
				715FFD132FCDE1DD00170493 /* Debug */,
				715FFD142FCDE1DD00170493 /* Release */,
			);
			defaultConfigurationIsVisible = 0;
			defaultConfigurationName = Release;
		};
		715FFD152FCDE1DD00170493 /* Build configuration list for PBXNativeTarget "EngramUITests" */ = {
			isa = XCConfigurationList;
			buildConfigurations = (
				715FFD162FCDE1DD00170493 /* Debug */,
				715FFD172FCDE1DD00170493 /* Release */,
			);
			defaultConfigurationIsVisible = 0;
			defaultConfigurationName = Release;
		};
/* End XCConfigurationList section */

/* Begin XCLocalSwiftPackageReference section */
		AA00000000000000000000A1 /* XCLocalSwiftPackageReference ".." */ = {
			isa = XCLocalSwiftPackageReference;
			relativePath = ..;
		};
/* End XCLocalSwiftPackageReference section */

/* Begin XCRemoteSwiftPackageReference section */
		AA00000000000000000000C1 /* XCRemoteSwiftPackageReference "swift-markdown-ui" */ = {
			isa = XCRemoteSwiftPackageReference;
			repositoryURL = "https://github.com/gonzalezreal/swift-markdown-ui";
			requirement = {
				kind = upToNextMajorVersion;
				minimumVersion = 2.4.1;
			};
		};
		AA00000000000000000000D1 /* XCRemoteSwiftPackageReference "Sparkle" */ = {
			isa = XCRemoteSwiftPackageReference;
			repositoryURL = "https://github.com/sparkle-project/Sparkle";
			requirement = {
				kind = upToNextMajorVersion;
				minimumVersion = 2.9.2;
			};
		};
/* End XCRemoteSwiftPackageReference section */

/* Begin XCSwiftPackageProductDependency section */
		AA00000000000000000000A2 /* EngramCore */ = {
			isa = XCSwiftPackageProductDependency;
			productName = EngramCore;
		};
		AA00000000000000000000C2 /* MarkdownUI */ = {
			isa = XCSwiftPackageProductDependency;
			package = AA00000000000000000000C1 /* XCRemoteSwiftPackageReference "swift-markdown-ui" */;
			productName = MarkdownUI;
		};
		AA00000000000000000000D2 /* Sparkle */ = {
			isa = XCSwiftPackageProductDependency;
			package = AA00000000000000000000D1 /* XCRemoteSwiftPackageReference "Sparkle" */;
			productName = Sparkle;
		};
/* End XCSwiftPackageProductDependency section */
	};
	rootObject = 715FFCE62FCDE1DB00170493 /* Project object */;
}
